PODS:
  - AFNetworking (2.6.1):
    - AFNetworking/NSURLConnection (= 2.6.1)
    - AFNetworking/NSURLSession (= 2.6.1)
    - AFNetworking/Reachability (= 2.6.1)
    - AFNetworking/Security (= 2.6.1)
    - AFNetworking/Serialization (= 2.6.1)
    - AFNetworking/UIKit (= 2.6.1)
  - AFNetworking/NSURLConnection (2.6.1):
    - AFNetworking/Reachability
    - AFNetworking/Security
    - AFNetworking/Serialization
  - AFNetworking/NSURLSession (2.6.1):
    - AFNetworking/Reachability
    - AFNetworking/Security
    - AFNetworking/Serialization
  - AFNetworking/Reachability (2.6.1)
  - AFNetworking/Security (2.6.1)
  - AFNetworking/Serialization (2.6.1)
  - AFNetworking/UIKit (2.6.1):
    - AFNetworking/NSURLConnection
    - AFNetworking/NSURLSession
  - Expecta (1.0.3)
  - JWTDecode (0.2.2)
  - MBProgressHUD (0.9.1)
  - OCHamcrest (4.3.0)
  - OCMockito (2.0.1):
    - OCHamcrest (~> 4.0)
  - SimpleKeychain (0.5.0)
  - Specta (1.0.4)
  - TouchIDAuth (0.1.2):
    - SimpleKeychain (~> 0.3)

DEPENDENCIES:
  - AFNetworking (~> 2.5)
  - Expecta
  - JWTDecode
  - MBProgressHUD (~> 0.9)
  - OCMockito
  - Specta
  - TouchIDAuth (from `../`)

EXTERNAL SOURCES:
  TouchIDAuth:
    :path: "../"

SPEC CHECKSUMS:
  AFNetworking: 8e4e60500beb8bec644cf575beee72990a76d399
  Expecta: 9d1bff6c8b0eeee73a166a2ee898892478927a15
  JWTDecode: c193d229af74dd72121515c976f930ccbed96a2a
  MBProgressHUD: c47f2c166c126cf2ce36498d80f33e754d4e93ad
  OCHamcrest: cd63d27f48a266d4412c0b295b01b8f0940efa81
  OCMockito: f92ad4c6fac2841a88558879cfe517c40aebf91e
  SimpleKeychain: ae04c7ca6a960a146081010b412cf0ba2ecb10fe
  Specta: 69bb134672aae190a1379ff91df07dad8dd1f869
  TouchIDAuth: 2c80afb325d57576fa5079c18baef7ec3738a1c9

COCOAPODS: 0.39.0
