PODS:
  - Expecta (0.3.1)
  - libextobjc (0.4.1):
    - libextobjc/EXTADT
    - libextobjc/EXTConcreteProtocol
    - libextobjc/EXTKeyPathCoding
    - libextobjc/EXTNil
    - libextobjc/EXTSafeCategory
    - libextobjc/EXTScope
    - libextobjc/EXTSelectorChecking
    - libextobjc/EXTSynthesize
    - libextobjc/NSInvocation+EXT
    - libextobjc/NSMethodSignature+EXT
    - libextobjc/RuntimeExtensions
    - libextobjc/UmbrellaHeader
  - libextobjc/EXTADT (0.4.1):
    - libextobjc/RuntimeExtensions
  - libextobjc/EXTConcreteProtocol (0.4.1):
    - libextobjc/RuntimeExtensions
  - libextobjc/EXTKeyPathCoding (0.4.1):
    - libextobjc/RuntimeExtensions
  - libextobjc/EXTNil (0.4.1):
    - libextobjc/RuntimeExtensions
  - libextobjc/EXTSafeCategory (0.4.1):
    - libextobjc/RuntimeExtensions
  - libextobjc/EXTScope (0.4.1):
    - libextobjc/RuntimeExtensions
  - libextobjc/EXTSelectorChecking (0.4.1):
    - libextobjc/RuntimeExtensions
  - libextobjc/EXTSynthesize (0.4.1):
    - libextobjc/RuntimeExtensions
  - libextobjc/NSInvocation+EXT (0.4.1):
    - libextobjc/RuntimeExtensions
  - libextobjc/NSMethodSignature+EXT (0.4.1):
    - libextobjc/RuntimeExtensions
  - libextobjc/RuntimeExtensions (0.4.1)
  - libextobjc/UmbrellaHeader (0.4.1)
  - ObjectiveSugar (1.1.0)
  - SimpleKeychain (0.1.0)
  - Specta (0.2.1)
  - TouchIDAuth (0.1.0):
    - libextobjc (~> 0.4)
    - ObjectiveSugar (~> 1.1)
    - SimpleKeychain (~> 0.1)

DEPENDENCIES:
  - Expecta
  - Specta (~> 0.2.1)
  - TouchIDAuth (from `../`)

EXTERNAL SOURCES:
  TouchIDAuth:
    :path: ../

SPEC CHECKSUMS:
  Expecta: 03aabd0a89d8dea843baecb19a7fd7466a69a31d
  libextobjc: d6146fce3ebea986b7f75fcb4c967639200b88b0
  ObjectiveSugar: f48793f5902c77cfc02a4ce46d2e8ecddcad4dc2
  SimpleKeychain: 6e3b82ea55b1a5cb2be114fac9ec3976c8cfe687
  Specta: 9141310f46b1f68b676650ff2854e1ed0b74163a
  TouchIDAuth: d8fa620b408341ac277dc5b24da93bf0ca50b8d7

COCOAPODS: 0.34.4
