PODS:
  - AFNetworking (2.4.1):
    - AFNetworking/NSURLConnection
    - AFNetworking/NSURLSession
    - AFNetworking/Reachability
    - AFNetworking/Security
    - AFNetworking/Serialization
    - AFNetworking/UIKit
  - AFNetworking/NSURLConnection (2.4.1):
    - AFNetworking/Reachability
    - AFNetworking/Security
    - AFNetworking/Serialization
  - AFNetworking/NSURLSession (2.4.1):
    - AFNetworking/Reachability
    - AFNetworking/Security
    - AFNetworking/Serialization
  - AFNetworking/Reachability (2.4.1)
  - AFNetworking/Security (2.4.1)
  - AFNetworking/Serialization (2.4.1)
  - AFNetworking/UIKit (2.4.1):
    - AFNetworking/NSURLConnection
    - AFNetworking/NSURLSession
  - Expecta (0.3.1)
  - libextobjc (0.4.1):
    - libextobjc/EXTADT
    - libextobjc/EXTConcreteProtocol
    - libextobjc/EXTKeyPathCoding
    - libextobjc/EXTNil
    - libextobjc/EXTSafeCategory
    - libextobjc/EXTScope
    - libextobjc/EXTSelectorChecking
    - libextobjc/EXTSynthesize
    - libextobjc/NSInvocation+EXT
    - libextobjc/NSMethodSignature+EXT
    - libextobjc/RuntimeExtensions
    - libextobjc/UmbrellaHeader
  - libextobjc/EXTADT (0.4.1):
    - libextobjc/RuntimeExtensions
  - libextobjc/EXTConcreteProtocol (0.4.1):
    - libextobjc/RuntimeExtensions
  - libextobjc/EXTKeyPathCoding (0.4.1):
    - libextobjc/RuntimeExtensions
  - libextobjc/EXTNil (0.4.1):
    - libextobjc/RuntimeExtensions
  - libextobjc/EXTSafeCategory (0.4.1):
    - libextobjc/RuntimeExtensions
  - libextobjc/EXTScope (0.4.1):
    - libextobjc/RuntimeExtensions
  - libextobjc/EXTSelectorChecking (0.4.1):
    - libextobjc/RuntimeExtensions
  - libextobjc/EXTSynthesize (0.4.1):
    - libextobjc/RuntimeExtensions
  - libextobjc/NSInvocation+EXT (0.4.1):
    - libextobjc/RuntimeExtensions
  - libextobjc/NSMethodSignature+EXT (0.4.1):
    - libextobjc/RuntimeExtensions
  - libextobjc/RuntimeExtensions (0.4.1)
  - libextobjc/UmbrellaHeader (0.4.1)
  - MBProgressHUD (0.9)
  - ObjectiveSugar (1.1.0)
  - OCHamcrest (4.0.1)
  - OCMockito (1.3.1):
    - OCHamcrest (~> 4.0)
  - SimpleKeychain (0.2.0)
  - Specta (0.2.1)
  - TouchIDAuth (0.1.0):
    - libextobjc (~> 0.4)
    - ObjectiveSugar (~> 1.1)
    - SimpleKeychain (~> 0.2)

DEPENDENCIES:
  - AFNetworking (~> 2.4)
  - Expecta
  - MBProgressHUD (~> 0.8)
  - OCMockito (~> 1.3)
  - Specta (~> 0.2.1)
  - TouchIDAuth (from `../`)

EXTERNAL SOURCES:
  TouchIDAuth:
    :path: ../

SPEC CHECKSUMS:
  AFNetworking: 0aabc6fae66d6e5d039eeb21c315843c7aae51ab
  Expecta: 03aabd0a89d8dea843baecb19a7fd7466a69a31d
  libextobjc: d6146fce3ebea986b7f75fcb4c967639200b88b0
  MBProgressHUD: 2038dbcf3dce73215abed6001657043d53aa79a8
  ObjectiveSugar: f48793f5902c77cfc02a4ce46d2e8ecddcad4dc2
  OCHamcrest: b464725bbb48d0f1cd9c6f4ec3cb35fe0c4f2b94
  OCMockito: 57b8c4bb54ff3a4a14eb2174f9e57faf9f56efb6
  SimpleKeychain: f7c55140169037f7540c949b25da53096036b231
  Specta: 9141310f46b1f68b676650ff2854e1ed0b74163a
  TouchIDAuth: 664bb22ed3d1eb1367f086cdf9696c9caf35cb82

COCOAPODS: 0.34.4
